<?xml version="1.0" encoding="UTF-8" standalone="yes" ?>
<CodeBlocks_project_file>
	<FileVersion major="1" minor="6" />
	<Project>
		<Option title="PROIECT-OOP" />
		<Option pch_mode="2" />
		<Option compiler="gcc" />
		<Build>
			<Target title="Debug">
				<Option output="bin/Debug/PROIECT-OOP" prefix_auto="1" extension_auto="1" />
				<Option object_output="obj/Debug/" />
				<Option type="1" />
				<Option compiler="gcc" />
				<Compiler>
					<Add option="-g" />
					<Add directory="include" />
				</Compiler>
			</Target>
			<Target title="Release">
				<Option output="bin/Release/PROIECT-OOP" prefix_auto="1" extension_auto="1" />
				<Option object_output="obj/Release/" />
				<Option type="1" />
				<Option compiler="gcc" />
				<Compiler>
					<Add option="-O2" />
					<Add directory="include" />
				</Compiler>
				<Linker>
					<Add option="-s" />
				</Linker>
			</Target>
		</Build>
		<Compiler>
			<Add option="-Wall" />
			<Add option="-fexceptions" />
		</Compiler>
		<Unit filename="include/Echipa.h" />
		<Unit filename="include/Exceptie_Custom.h" />
		<Unit filename="include/Istoric_Jucator.h" />
		<Unit filename="include/Istoric_Jucator_Sah.h" />
		<Unit filename="include/Istoric_Jucator_Tenis.h" />
		<Unit filename="include/Jucator.h" />
		<Unit filename="include/Jucator_Sah.h" />
		<Unit filename="include/Jucator_Tenis.h" />
		<Unit filename="include/Meci.h" />
		<Unit filename="include/Meci_Sah.h" />
		<Unit filename="include/Meci_Tenis.h" />
		<Unit filename="include/Premiu.h" />
		<Unit filename="include/Premiu_Sah.h" />
		<Unit filename="include/Premiu_Tenis.h" />
		<Unit filename="include/Runda.h" />
		<Unit filename="include/Turneu.h" />
		<Unit filename="include/Turneu_Sah.h" />
		<Unit filename="include/Turneu_Tenis.h" />
		<Unit filename="main.cpp" />
		<Unit filename="poo.in" />
		<Unit filename="src/Echipa.cpp" />
		<Unit filename="src/Exceptie_Custom.cpp" />
		<Unit filename="src/Istoric_Jucator.cpp" />
		<Unit filename="src/Istoric_Jucator_Sah.cpp" />
		<Unit filename="src/Istoric_Jucator_Tenis.cpp" />
		<Unit filename="src/Jucator.cpp" />
		<Unit filename="src/Jucator_Sah.cpp" />
		<Unit filename="src/Jucator_Tenis.cpp" />
		<Unit filename="src/Meci.cpp" />
		<Unit filename="src/Meci_Sah.cpp" />
		<Unit filename="src/Meci_Tenis.cpp" />
		<Unit filename="src/Premiu_Sah.cpp" />
		<Unit filename="src/Premiu_Tenis.cpp" />
		<Unit filename="src/Runda.cpp" />
		<Unit filename="src/Turneu.cpp" />
		<Unit filename="src/Turneu_Sah.cpp" />
		<Unit filename="src/Turneu_Tenis.cpp" />
		<Extensions>
			<lib_finder disable_auto="1" />
		</Extensions>
	</Project>
</CodeBlocks_project_file>
